
Microsoft Visual Studio Solution File, Format Version 12.00
# Visual Studio Version 17
VisualStudioVersion = 17.9.34728.123
MinimumVisualStudioVersion = 10.0.40219.1
Project("{FAE04EC0-301F-11D3-BF4B-00C04F79EFBC}") = "TagHelpers", "TagHelpers.csproj", "{2570EB3B-DA6B-4A3F-BE80-C51849777DE6}"
EndProject
Global
	GlobalSection(SolutionConfigurationPlatforms) = preSolution
		Debug|Any CPU = Debug|Any CPU
		Release|Any CPU = Release|Any CPU
	EndGlobalSection
	GlobalSection(ProjectConfigurationPlatforms) = postSolution
		{2570EB3B-DA6B-4A3F-BE80-C51849777DE6}.Debug|Any CPU.ActiveCfg = Debug|Any CPU
		{2570EB3B-DA6B-4A3F-BE80-C51849777DE6}.Debug|Any CPU.Build.0 = Debug|Any CPU
		{2570EB3B-DA6B-4A3F-BE80-C51849777DE6}.Release|Any CPU.ActiveCfg = Release|Any CPU
		{2570EB3B-DA6B-4A3F-BE80-C51849777DE6}.Release|Any CPU.Build.0 = Release|Any CPU
	EndGlobalSection
	GlobalSection(SolutionProperties) = preSolution
		HideSolutionNode = FALSE
	EndGlobalSection
	GlobalSection(ExtensibilityGlobals) = postSolution
		SolutionGuid = {2463D99D-90D6-4436-ABA1-1E88D4A5DBA6}
	EndGlobalSection
EndGlobal
