
Microsoft Visual Studio Solution File, Format Version 12.00
# Visual Studio Version 17
VisualStudioVersion = 17.9.34728.123
MinimumVisualStudioVersion = 10.0.40219.1
Project("{FAE04EC0-301F-11D3-BF4B-00C04F79EFBC}") = "JSON", "JSON.csproj", "{F50F382A-2E18-4691-BC12-4CB83A71FF4A}"
EndProject
Global
	GlobalSection(SolutionConfigurationPlatforms) = preSolution
		Debug|Any CPU = Debug|Any CPU
		Release|Any CPU = Release|Any CPU
	EndGlobalSection
	GlobalSection(ProjectConfigurationPlatforms) = postSolution
		{F50F382A-2E18-4691-BC12-4CB83A71FF4A}.Debug|Any CPU.ActiveCfg = Debug|Any CPU
		{F50F382A-2E18-4691-BC12-4CB83A71FF4A}.Debug|Any CPU.Build.0 = Debug|Any CPU
		{F50F382A-2E18-4691-BC12-4CB83A71FF4A}.Release|Any CPU.ActiveCfg = Release|Any CPU
		{F50F382A-2E18-4691-BC12-4CB83A71FF4A}.Release|Any CPU.Build.0 = Release|Any CPU
	EndGlobalSection
	GlobalSection(SolutionProperties) = preSolution
		HideSolutionNode = FALSE
	EndGlobalSection
	GlobalSection(ExtensibilityGlobals) = postSolution
		SolutionGuid = {C0191FA5-4CB5-468A-B7E5-0FC129A3F702}
	EndGlobalSection
EndGlobal
