
Microsoft Visual Studio Solution File, Format Version 12.00
# Visual Studio Version 17
VisualStudioVersion = 17.9.34728.123
MinimumVisualStudioVersion = 10.0.40219.1
Project("{FAE04EC0-301F-11D3-BF4B-00C04F79EFBC}") = "SqlDataAdapter", "SqlDataAdapter.csproj", "{65FE9239-A34D-4F3D-BE98-91367013D41F}"
EndProject
Global
	GlobalSection(SolutionConfigurationPlatforms) = preSolution
		Debug|Any CPU = Debug|Any CPU
		Release|Any CPU = Release|Any CPU
	EndGlobalSection
	GlobalSection(ProjectConfigurationPlatforms) = postSolution
		{65FE9239-A34D-4F3D-BE98-91367013D41F}.Debug|Any CPU.ActiveCfg = Debug|Any CPU
		{65FE9239-A34D-4F3D-BE98-91367013D41F}.Debug|Any CPU.Build.0 = Debug|Any CPU
		{65FE9239-A34D-4F3D-BE98-91367013D41F}.Release|Any CPU.ActiveCfg = Release|Any CPU
		{65FE9239-A34D-4F3D-BE98-91367013D41F}.Release|Any CPU.Build.0 = Release|Any CPU
	EndGlobalSection
	GlobalSection(SolutionProperties) = preSolution
		HideSolutionNode = FALSE
	EndGlobalSection
	GlobalSection(ExtensibilityGlobals) = postSolution
		SolutionGuid = {6F3E3FA5-24EC-4A38-8862-4A5BC24BE18E}
	EndGlobalSection
EndGlobal
