
Microsoft Visual Studio Solution File, Format Version 12.00
# Visual Studio Version 17
VisualStudioVersion = 17.9.34728.123
MinimumVisualStudioVersion = 10.0.40219.1
Project("{FAE04EC0-301F-11D3-BF4B-00C04F79EFBC}") = "Abstract_Class_Demo", "Abstract_Class_Demo.csproj", "{498AD7D1-3D36-4C0A-BF33-95863CA05BCD}"
EndProject
Global
	GlobalSection(SolutionConfigurationPlatforms) = preSolution
		Debug|Any CPU = Debug|Any CPU
		Release|Any CPU = Release|Any CPU
	EndGlobalSection
	GlobalSection(ProjectConfigurationPlatforms) = postSolution
		{498AD7D1-3D36-4C0A-BF33-95863CA05BCD}.Debug|Any CPU.ActiveCfg = Debug|Any CPU
		{498AD7D1-3D36-4C0A-BF33-95863CA05BCD}.Debug|Any CPU.Build.0 = Debug|Any CPU
		{498AD7D1-3D36-4C0A-BF33-95863CA05BCD}.Release|Any CPU.ActiveCfg = Release|Any CPU
		{498AD7D1-3D36-4C0A-BF33-95863CA05BCD}.Release|Any CPU.Build.0 = Release|Any CPU
	EndGlobalSection
	GlobalSection(SolutionProperties) = preSolution
		HideSolutionNode = FALSE
	EndGlobalSection
	GlobalSection(ExtensibilityGlobals) = postSolution
		SolutionGuid = {F01765AF-532F-4176-A711-320BBF152F06}
	EndGlobalSection
EndGlobal
